
Microsoft Visual Studio Solution File, Format Version 12.00
# Visual Studio Version 17
VisualStudioVersion = 17.8.34316.72
MinimumVisualStudioVersion = 10.0.40219.1
Project("{9A19103F-16F7-4668-BE54-9A1E7A4F7556}") = "Application", "Application\Application.csproj", "{C7260856-5923-49C8-AFA9-DB39CA1A9AA6}"
EndProject
Project("{9A19103F-16F7-4668-BE54-9A1E7A4F7556}") = "Domain", "Domain\Domain.csproj", "{AE0BB88D-B2D3-4140-A311-3885AC1EBD43}"
EndProject
Project("{9A19103F-16F7-4668-BE54-9A1E7A4F7556}") = "Service", "Service\Service.csproj", "{C19AA5B6-4943-49C1-912F-FEA0DA879E98}"
EndProject
Project("{9A19103F-16F7-4668-BE54-9A1E7A4F7556}") = "Infrastructure", "Infrastructure\Infrastructure.csproj", "{D1E35B94-427B-4A0D-ABB5-ED50DC56F331}"
EndProject
Global
	GlobalSection(SolutionConfigurationPlatforms) = preSolution
		Debug|Any CPU = Debug|Any CPU
		Release|Any CPU = Release|Any CPU
	EndGlobalSection
	GlobalSection(ProjectConfigurationPlatforms) = postSolution
		{C7260856-5923-49C8-AFA9-DB39CA1A9AA6}.Debug|Any CPU.ActiveCfg = Debug|Any CPU
		{C7260856-5923-49C8-AFA9-DB39CA1A9AA6}.Debug|Any CPU.Build.0 = Debug|Any CPU
		{C7260856-5923-49C8-AFA9-DB39CA1A9AA6}.Release|Any CPU.ActiveCfg = Release|Any CPU
		{C7260856-5923-49C8-AFA9-DB39CA1A9AA6}.Release|Any CPU.Build.0 = Release|Any CPU
		{AE0BB88D-B2D3-4140-A311-3885AC1EBD43}.Debug|Any CPU.ActiveCfg = Debug|Any CPU
		{AE0BB88D-B2D3-4140-A311-3885AC1EBD43}.Debug|Any CPU.Build.0 = Debug|Any CPU
		{AE0BB88D-B2D3-4140-A311-3885AC1EBD43}.Release|Any CPU.ActiveCfg = Release|Any CPU
		{AE0BB88D-B2D3-4140-A311-3885AC1EBD43}.Release|Any CPU.Build.0 = Release|Any CPU
		{C19AA5B6-4943-49C1-912F-FEA0DA879E98}.Debug|Any CPU.ActiveCfg = Debug|Any CPU
		{C19AA5B6-4943-49C1-912F-FEA0DA879E98}.Debug|Any CPU.Build.0 = Debug|Any CPU
		{C19AA5B6-4943-49C1-912F-FEA0DA879E98}.Release|Any CPU.ActiveCfg = Release|Any CPU
		{C19AA5B6-4943-49C1-912F-FEA0DA879E98}.Release|Any CPU.Build.0 = Release|Any CPU
		{D1E35B94-427B-4A0D-ABB5-ED50DC56F331}.Debug|Any CPU.ActiveCfg = Debug|Any CPU
		{D1E35B94-427B-4A0D-ABB5-ED50DC56F331}.Debug|Any CPU.Build.0 = Debug|Any CPU
		{D1E35B94-427B-4A0D-ABB5-ED50DC56F331}.Release|Any CPU.ActiveCfg = Release|Any CPU
		{D1E35B94-427B-4A0D-ABB5-ED50DC56F331}.Release|Any CPU.Build.0 = Release|Any CPU
	EndGlobalSection
	GlobalSection(SolutionProperties) = preSolution
		HideSolutionNode = FALSE
	EndGlobalSection
	GlobalSection(ExtensibilityGlobals) = postSolution
		SolutionGuid = {58D4549A-7A7C-40F2-9E1B-6F1C3C392EAA}
	EndGlobalSection
EndGlobal
